
Microsoft Visual Studio Solution File, Format Version 12.00
# Visual Studio Version 17
VisualStudioVersion = 17.6.33712.159
MinimumVisualStudioVersion = 10.0.40219.1
Project("{FAE04EC0-301F-11D3-BF4B-00C04F79EFBC}") = "Designs", "Designs\Designs.csproj", "{68D6369A-B2D6-4F16-85C4-FB16CEDE1D42}"
EndProject
Global
	GlobalSection(SolutionConfigurationPlatforms) = preSolution
		Debug|Any CPU = Debug|Any CPU
		Release|Any CPU = Release|Any CPU
	EndGlobalSection
	GlobalSection(ProjectConfigurationPlatforms) = postSolution
		{68D6369A-B2D6-4F16-85C4-FB16CEDE1D42}.Debug|Any CPU.ActiveCfg = Debug|Any CPU
		{68D6369A-B2D6-4F16-85C4-FB16CEDE1D42}.Debug|Any CPU.Build.0 = Debug|Any CPU
		{68D6369A-B2D6-4F16-85C4-FB16CEDE1D42}.Release|Any CPU.ActiveCfg = Release|Any CPU
		{68D6369A-B2D6-4F16-85C4-FB16CEDE1D42}.Release|Any CPU.Build.0 = Release|Any CPU
	EndGlobalSection
	GlobalSection(SolutionProperties) = preSolution
		HideSolutionNode = FALSE
	EndGlobalSection
	GlobalSection(ExtensibilityGlobals) = postSolution
		SolutionGuid = {14AF5AB4-FC5E-4477-B10B-AE641993CECE}
	EndGlobalSection
EndGlobal
